
Microsoft Visual Studio Solution File, Format Version 12.00
# Visual Studio Version 17
VisualStudioVersion = 17.0.31903.59
MinimumVisualStudioVersion = 10.0.40219.1
Project("{FAE04EC0-301F-11D3-BF4B-00C04F79EFBC}") = "CleanMinimalApi.Api", "CleanMinimalApi.Api\CleanMinimalApi.Api.csproj", "{6726CE39-C379-4F70-A743-2330DD301911}"
EndProject
Project("{FAE04EC0-301F-11D3-BF4B-00C04F79EFBC}") = "CleanMinimalApi.Domain", "CleanMinimalApi.Domain\CleanMinimalApi.Domain.csproj", "{93F01C7F-AE8E-4938-B74F-578C60D5211B}"
EndProject
Project("{FAE04EC0-301F-11D3-BF4B-00C04F79EFBC}") = "CleanMinimalApi.Application", "CleanMinimalApi.Application\CleanMinimalApi.Application.csproj", "{9EF3ED15-3939-4A48-8C67-C1A00B876AAF}"
EndProject
Project("{FAE04EC0-301F-11D3-BF4B-00C04F79EFBC}") = "CleanMinimalApi.Infrastructure", "CleanMinimalApi.Infrastructure\CleanMinimalApi.Infrastructure.csproj", "{DD66D149-9AEF-4286-8AF6-45BEC49C1470}"
EndProject
Global
	GlobalSection(SolutionConfigurationPlatforms) = preSolution
		Debug|Any CPU = Debug|Any CPU
		Debug|x64 = Debug|x64
		Debug|x86 = Debug|x86
		Release|Any CPU = Release|Any CPU
		Release|x64 = Release|x64
		Release|x86 = Release|x86
	EndGlobalSection
	GlobalSection(ProjectConfigurationPlatforms) = postSolution
		{6726CE39-C379-4F70-A743-2330DD301911}.Debug|Any CPU.ActiveCfg = Debug|Any CPU
		{6726CE39-C379-4F70-A743-2330DD301911}.Debug|Any CPU.Build.0 = Debug|Any CPU
		{6726CE39-C379-4F70-A743-2330DD301911}.Debug|x64.ActiveCfg = Debug|Any CPU
		{6726CE39-C379-4F70-A743-2330DD301911}.Debug|x64.Build.0 = Debug|Any CPU
		{6726CE39-C379-4F70-A743-2330DD301911}.Debug|x86.ActiveCfg = Debug|Any CPU
		{6726CE39-C379-4F70-A743-2330DD301911}.Debug|x86.Build.0 = Debug|Any CPU
		{6726CE39-C379-4F70-A743-2330DD301911}.Release|Any CPU.ActiveCfg = Release|Any CPU
		{6726CE39-C379-4F70-A743-2330DD301911}.Release|Any CPU.Build.0 = Release|Any CPU
		{6726CE39-C379-4F70-A743-2330DD301911}.Release|x64.ActiveCfg = Release|Any CPU
		{6726CE39-C379-4F70-A743-2330DD301911}.Release|x64.Build.0 = Release|Any CPU
		{6726CE39-C379-4F70-A743-2330DD301911}.Release|x86.ActiveCfg = Release|Any CPU
		{6726CE39-C379-4F70-A743-2330DD301911}.Release|x86.Build.0 = Release|Any CPU
		{93F01C7F-AE8E-4938-B74F-578C60D5211B}.Debug|Any CPU.ActiveCfg = Debug|Any CPU
		{93F01C7F-AE8E-4938-B74F-578C60D5211B}.Debug|Any CPU.Build.0 = Debug|Any CPU
		{93F01C7F-AE8E-4938-B74F-578C60D5211B}.Debug|x64.ActiveCfg = Debug|Any CPU
		{93F01C7F-AE8E-4938-B74F-578C60D5211B}.Debug|x64.Build.0 = Debug|Any CPU
		{93F01C7F-AE8E-4938-B74F-578C60D5211B}.Debug|x86.ActiveCfg = Debug|Any CPU
		{93F01C7F-AE8E-4938-B74F-578C60D5211B}.Debug|x86.Build.0 = Debug|Any CPU
		{93F01C7F-AE8E-4938-B74F-578C60D5211B}.Release|Any CPU.ActiveCfg = Release|Any CPU
		{93F01C7F-AE8E-4938-B74F-578C60D5211B}.Release|Any CPU.Build.0 = Release|Any CPU
		{93F01C7F-AE8E-4938-B74F-578C60D5211B}.Release|x64.ActiveCfg = Release|Any CPU
		{93F01C7F-AE8E-4938-B74F-578C60D5211B}.Release|x64.Build.0 = Release|Any CPU
		{93F01C7F-AE8E-4938-B74F-578C60D5211B}.Release|x86.ActiveCfg = Release|Any CPU
		{93F01C7F-AE8E-4938-B74F-578C60D5211B}.Release|x86.Build.0 = Release|Any CPU
		{9EF3ED15-3939-4A48-8C67-C1A00B876AAF}.Debug|Any CPU.ActiveCfg = Debug|Any CPU
		{9EF3ED15-3939-4A48-8C67-C1A00B876AAF}.Debug|Any CPU.Build.0 = Debug|Any CPU
		{9EF3ED15-3939-4A48-8C67-C1A00B876AAF}.Debug|x64.ActiveCfg = Debug|Any CPU
		{9EF3ED15-3939-4A48-8C67-C1A00B876AAF}.Debug|x64.Build.0 = Debug|Any CPU
		{9EF3ED15-3939-4A48-8C67-C1A00B876AAF}.Debug|x86.ActiveCfg = Debug|Any CPU
		{9EF3ED15-3939-4A48-8C67-C1A00B876AAF}.Debug|x86.Build.0 = Debug|Any CPU
		{9EF3ED15-3939-4A48-8C67-C1A00B876AAF}.Release|Any CPU.ActiveCfg = Release|Any CPU
		{9EF3ED15-3939-4A48-8C67-C1A00B876AAF}.Release|Any CPU.Build.0 = Release|Any CPU
		{9EF3ED15-3939-4A48-8C67-C1A00B876AAF}.Release|x64.ActiveCfg = Release|Any CPU
		{9EF3ED15-3939-4A48-8C67-C1A00B876AAF}.Release|x64.Build.0 = Release|Any CPU
		{9EF3ED15-3939-4A48-8C67-C1A00B876AAF}.Release|x86.ActiveCfg = Release|Any CPU
		{9EF3ED15-3939-4A48-8C67-C1A00B876AAF}.Release|x86.Build.0 = Release|Any CPU
		{DD66D149-9AEF-4286-8AF6-45BEC49C1470}.Debug|Any CPU.ActiveCfg = Debug|Any CPU
		{DD66D149-9AEF-4286-8AF6-45BEC49C1470}.Debug|Any CPU.Build.0 = Debug|Any CPU
		{DD66D149-9AEF-4286-8AF6-45BEC49C1470}.Debug|x64.ActiveCfg = Debug|Any CPU
		{DD66D149-9AEF-4286-8AF6-45BEC49C1470}.Debug|x64.Build.0 = Debug|Any CPU
		{DD66D149-9AEF-4286-8AF6-45BEC49C1470}.Debug|x86.ActiveCfg = Debug|Any CPU
		{DD66D149-9AEF-4286-8AF6-45BEC49C1470}.Debug|x86.Build.0 = Debug|Any CPU
		{DD66D149-9AEF-4286-8AF6-45BEC49C1470}.Release|Any CPU.ActiveCfg = Release|Any CPU
		{DD66D149-9AEF-4286-8AF6-45BEC49C1470}.Release|Any CPU.Build.0 = Release|Any CPU
		{DD66D149-9AEF-4286-8AF6-45BEC49C1470}.Release|x64.ActiveCfg = Release|Any CPU
		{DD66D149-9AEF-4286-8AF6-45BEC49C1470}.Release|x64.Build.0 = Release|Any CPU
		{DD66D149-9AEF-4286-8AF6-45BEC49C1470}.Release|x86.ActiveCfg = Release|Any CPU
		{DD66D149-9AEF-4286-8AF6-45BEC49C1470}.Release|x86.Build.0 = Release|Any CPU
	EndGlobalSection
	GlobalSection(SolutionProperties) = preSolution
		HideSolutionNode = FALSE
	EndGlobalSection
EndGlobal
